// !$*UTF8*$!
{
	archiveVersion = 1;
	classes = {
	};
	objectVersion = 46;
	objects = {

/* Begin PBXBuildFile section */
		1C7CA3D2143266340031E584 /* GameKit.framework in Frameworks */ = {isa = PBXBuildFile; fileRef = 1C7CA3D1143266340031E584 /* GameKit.framework */; settings = {ATTRIBUTES = (Weak, ); }; };
		1C7CA3D4143266480031E584 /* OpenAL.framework in Frameworks */ = {isa = PBXBuildFile; fileRef = 1C7CA3D3143266480031E584 /* OpenAL.framework */; };
		1C7CA3D6143266520031E584 /* AVFoundation.framework in Frameworks */ = {isa = PBXBuildFile; fileRef = 1C7CA3D5143266520031E584 /* AVFoundation.framework */; };
		1C7CA3DA1432666C0031E584 /* AudioToolbox.framework in Frameworks */ = {isa = PBXBuildFile; fileRef = 1C7CA3D91432666C0031E584 /* AudioToolbox.framework */; };
		1CB851BB15E81E1500012A80 /* libpixelboost_ios.a in Frameworks */ = {isa = PBXBuildFile; fileRef = 1CB851B615E81D7900012A80 /* libpixelboost_ios.a */; };
		1CEB6C07153F512F00E8D103 /* EAGLView.m in Sources */ = {isa = PBXBuildFile; fileRef = 1CEB6BF6153F512F00E8D103 /* EAGLView.m */; };
		1CEB6C08153F512F00E8D103 /* InfoPlist.strings in Resources */ = {isa = PBXBuildFile; fileRef = 1CEB6BF7153F512F00E8D103 /* InfoPlist.strings */; };
		1CEB6C09153F512F00E8D103 /* MainWindow.xib in Resources */ = {isa = PBXBuildFile; fileRef = 1CEB6BF9153F512F00E8D103 /* MainWindow.xib */; };
		1CEB6C0A153F512F00E8D103 /* pixelboostViewController.xib in Resources */ = {isa = PBXBuildFile; fileRef = 1CEB6BFB153F512F00E8D103 /* pixelboostViewController.xib */; };
		1CEB6C0B153F512F00E8D103 /* MainWindow-iPad.xib in Resources */ = {isa = PBXBuildFile; fileRef = 1CEB6BFE153F512F00E8D103 /* MainWindow-iPad.xib */; };
		1CEB6C0C153F512F00E8D103 /* main.m in Sources */ = {isa = PBXBuildFile; fileRef = 1CEB6C00153F512F00E8D103 /* main.m */; };
		1CEB6C0E153F512F00E8D103 /* pixelboostAppDelegate.mm in Sources */ = {isa = PBXBuildFile; fileRef = 1CEB6C04153F512F00E8D103 /* pixelboostAppDelegate.mm */; };
		1CEB6C0F153F512F00E8D103 /* pixelboostViewController.mm in Sources */ = {isa = PBXBuildFile; fileRef = 1CEB6C06153F512F00E8D103 /* pixelboostViewController.mm */; };
		1CEB6C12153F541800E8D103 /* data in Resources */ = {isa = PBXBuildFile; fileRef = 1CEB6C11153F541800E8D103 /* data */; };
		1CEC1C6E1426847F00FEB08C /* UIKit.framework in Frameworks */ = {isa = PBXBuildFile; fileRef = 1CEC1C6D1426847F00FEB08C /* UIKit.framework */; };
		1CEC1C701426847F00FEB08C /* Foundation.framework in Frameworks */ = {isa = PBXBuildFile; fileRef = 1CEC1C6F1426847F00FEB08C /* Foundation.framework */; };
		1CEC1C721426847F00FEB08C /* CoreGraphics.framework in Frameworks */ = {isa = PBXBuildFile; fileRef = 1CEC1C711426847F00FEB08C /* CoreGraphics.framework */; };
		1CEC1C741426847F00FEB08C /* QuartzCore.framework in Frameworks */ = {isa = PBXBuildFile; fileRef = 1CEC1C731426847F00FEB08C /* QuartzCore.framework */; };
		1CEC1C761426847F00FEB08C /* OpenGLES.framework in Frameworks */ = {isa = PBXBuildFile; fileRef = 1CEC1C751426847F00FEB08C /* OpenGLES.framework */; };
		1CF9936B15C94BD2000746F8 /* game.cpp in Sources */ = {isa = PBXBuildFile; fileRef = 1CF9936915C94BD2000746F8 /* game.cpp */; };
/* End PBXBuildFile section */

/* Begin PBXContainerItemProxy section */
		1CB851B515E81D7900012A80 /* PBXContainerItemProxy */ = {
			isa = PBXContainerItemProxy;
			containerPortal = 1CB851AC15E81D7800012A80 /* pixelboost.xcodeproj */;
			proxyType = 2;
			remoteGlobalIDString = 1C897C5F15DEA3D600AB3196;
			remoteInfo = pixelboost_ios;
		};
		1CB851B715E81D7900012A80 /* PBXContainerItemProxy */ = {
			isa = PBXContainerItemProxy;
			containerPortal = 1CB851AC15E81D7800012A80 /* pixelboost.xcodeproj */;
			proxyType = 2;
			remoteGlobalIDString = 1C897D8615DEA3E500AB3196;
			remoteInfo = pixelboost_osx;
		};
		1CB851B915E81D7900012A80 /* PBXContainerItemProxy */ = {
			isa = PBXContainerItemProxy;
			containerPortal = 1CB851AC15E81D7800012A80 /* pixelboost.xcodeproj */;
			proxyType = 2;
			remoteGlobalIDString = 1C25E97015E55AEF00833738;
			remoteInfo = pixelboost_osx_x86_64;
		};
/* End PBXContainerItemProxy section */

/* Begin PBXFileReference section */
		1C7CA3D1143266340031E584 /* GameKit.framework */ = {isa = PBXFileReference; lastKnownFileType = wrapper.framework; name = GameKit.framework; path = System/Library/Frameworks/GameKit.framework; sourceTree = SDKROOT; };
		1C7CA3D3143266480031E584 /* OpenAL.framework */ = {isa = PBXFileReference; lastKnownFileType = wrapper.framework; name = OpenAL.framework; path = System/Library/Frameworks/OpenAL.framework; sourceTree = SDKROOT; };
		1C7CA3D5143266520031E584 /* AVFoundation.framework */ = {isa = PBXFileReference; lastKnownFileType = wrapper.framework; name = AVFoundation.framework; path = System/Library/Frameworks/AVFoundation.framework; sourceTree = SDKROOT; };
		1C7CA3D7143266600031E584 /* CoreAudio.framework */ = {isa = PBXFileReference; lastKnownFileType = wrapper.framework; name = CoreAudio.framework; path = System/Library/Frameworks/CoreAudio.framework; sourceTree = SDKROOT; };
		1C7CA3D91432666C0031E584 /* AudioToolbox.framework */ = {isa = PBXFileReference; lastKnownFileType = wrapper.framework; name = AudioToolbox.framework; path = System/Library/Frameworks/AudioToolbox.framework; sourceTree = SDKROOT; };
		1CB851AC15E81D7800012A80 /* pixelboost.xcodeproj */ = {isa = PBXFileReference; lastKnownFileType = "wrapper.pb-project"; name = pixelboost.xcodeproj; path = ../pixelboost/engine/osx_ios/pixelboost.xcodeproj; sourceTree = "<group>"; };
		1CEB6BF5153F512F00E8D103 /* EAGLView.h */ = {isa = PBXFileReference; fileEncoding = 4; lastKnownFileType = sourcecode.c.h; path = EAGLView.h; sourceTree = "<group>"; };
		1CEB6BF6153F512F00E8D103 /* EAGLView.m */ = {isa = PBXFileReference; fileEncoding = 4; lastKnownFileType = sourcecode.c.objc; path = EAGLView.m; sourceTree = "<group>"; };
		1CEB6BF8153F512F00E8D103 /* en */ = {isa = PBXFileReference; lastKnownFileType = text.plist.strings; name = en; path = en.lproj/InfoPlist.strings; sourceTree = "<group>"; };
		1CEB6BFA153F512F00E8D103 /* en */ = {isa = PBXFileReference; lastKnownFileType = file.xib; name = en; path = en.lproj/MainWindow.xib; sourceTree = "<group>"; };
		1CEB6BFC153F512F00E8D103 /* en */ = {isa = PBXFileReference; lastKnownFileType = file.xib; name = en; path = en.lproj/pixelboostViewController.xib; sourceTree = "<group>"; };
		1CEB6BFF153F512F00E8D103 /* en */ = {isa = PBXFileReference; lastKnownFileType = file.xib; name = en; path = "en.lproj/MainWindow-iPad.xib"; sourceTree = "<group>"; };
		1CEB6C00153F512F00E8D103 /* main.m */ = {isa = PBXFileReference; fileEncoding = 4; lastKnownFileType = sourcecode.c.objc; path = main.m; sourceTree = "<group>"; };
		1CEB6C01153F512F00E8D103 /* pixelboost-Info.plist */ = {isa = PBXFileReference; fileEncoding = 4; lastKnownFileType = text.plist.xml; path = "pixelboost-Info.plist"; sourceTree = "<group>"; };
		1CEB6C02153F512F00E8D103 /* pixelboost-Prefix.pch */ = {isa = PBXFileReference; fileEncoding = 4; lastKnownFileType = sourcecode.c.h; path = "pixelboost-Prefix.pch"; sourceTree = "<group>"; };
		1CEB6C03153F512F00E8D103 /* pixelboostAppDelegate.h */ = {isa = PBXFileReference; fileEncoding = 4; lastKnownFileType = sourcecode.c.h; path = pixelboostAppDelegate.h; sourceTree = "<group>"; };
		1CEB6C04153F512F00E8D103 /* pixelboostAppDelegate.mm */ = {isa = PBXFileReference; fileEncoding = 4; lastKnownFileType = sourcecode.cpp.objcpp; path = pixelboostAppDelegate.mm; sourceTree = "<group>"; };
		1CEB6C05153F512F00E8D103 /* pixelboostViewController.h */ = {isa = PBXFileReference; fileEncoding = 4; lastKnownFileType = sourcecode.c.h; path = pixelboostViewController.h; sourceTree = "<group>"; };
		1CEB6C06153F512F00E8D103 /* pixelboostViewController.mm */ = {isa = PBXFileReference; fileEncoding = 4; lastKnownFileType = sourcecode.cpp.objcpp; path = pixelboostViewController.mm; sourceTree = "<group>"; };
		1CEB6C11153F541800E8D103 /* data */ = {isa = PBXFileReference; lastKnownFileType = folder; name = data; path = ../data; sourceTree = "<group>"; };
		1CEC1C691426847F00FEB08C /* pixelboost.app */ = {isa = PBXFileReference; explicitFileType = wrapper.application; includeInIndex = 0; path = pixelboost.app; sourceTree = BUILT_PRODUCTS_DIR; };
		1CEC1C6D1426847F00FEB08C /* UIKit.framework */ = {isa = PBXFileReference; lastKnownFileType = wrapper.framework; name = UIKit.framework; path = System/Library/Frameworks/UIKit.framework; sourceTree = SDKROOT; };
		1CEC1C6F1426847F00FEB08C /* Foundation.framework */ = {isa = PBXFileReference; lastKnownFileType = wrapper.framework; name = Foundation.framework; path = System/Library/Frameworks/Foundation.framework; sourceTree = SDKROOT; };
		1CEC1C711426847F00FEB08C /* CoreGraphics.framework */ = {isa = PBXFileReference; lastKnownFileType = wrapper.framework; name = CoreGraphics.framework; path = System/Library/Frameworks/CoreGraphics.framework; sourceTree = SDKROOT; };
		1CEC1C731426847F00FEB08C /* QuartzCore.framework */ = {isa = PBXFileReference; lastKnownFileType = wrapper.framework; name = QuartzCore.framework; path = System/Library/Frameworks/QuartzCore.framework; sourceTree = SDKROOT; };
		1CEC1C751426847F00FEB08C /* OpenGLES.framework */ = {isa = PBXFileReference; lastKnownFileType = wrapper.framework; name = OpenGLES.framework; path = System/Library/Frameworks/OpenGLES.framework; sourceTree = SDKROOT; };
		1CF9936915C94BD2000746F8 /* game.cpp */ = {isa = PBXFileReference; fileEncoding = 4; lastKnownFileType = sourcecode.cpp.cpp; path = game.cpp; sourceTree = "<group>"; };
		1CF9936A15C94BD2000746F8 /* game.h */ = {isa = PBXFileReference; fileEncoding = 4; lastKnownFileType = sourcecode.c.h; path = game.h; sourceTree = "<group>"; };
		1CFA6BF6150D642600E351AF /* Twitter.framework */ = {isa = PBXFileReference; lastKnownFileType = wrapper.framework; name = Twitter.framework; path = System/Library/Frameworks/Twitter.framework; sourceTree = SDKROOT; };
/* End PBXFileReference section */

/* Begin PBXFrameworksBuildPhase section */
		1CEC1C661426847F00FEB08C /* Frameworks */ = {
			isa = PBXFrameworksBuildPhase;
			buildActionMask = 2147483647;
			files = (
				1CB851BB15E81E1500012A80 /* libpixelboost_ios.a in Frameworks */,
				1C7CA3DA1432666C0031E584 /* AudioToolbox.framework in Frameworks */,
				1C7CA3D6143266520031E584 /* AVFoundation.framework in Frameworks */,
				1C7CA3D4143266480031E584 /* OpenAL.framework in Frameworks */,
				1C7CA3D2143266340031E584 /* GameKit.framework in Frameworks */,
				1CEC1C6E1426847F00FEB08C /* UIKit.framework in Frameworks */,
				1CEC1C701426847F00FEB08C /* Foundation.framework in Frameworks */,
				1CEC1C721426847F00FEB08C /* CoreGraphics.framework in Frameworks */,
				1CEC1C741426847F00FEB08C /* QuartzCore.framework in Frameworks */,
				1CEC1C761426847F00FEB08C /* OpenGLES.framework in Frameworks */,
			);
			runOnlyForDeploymentPostprocessing = 0;
		};
/* End PBXFrameworksBuildPhase section */

/* Begin PBXGroup section */
		1C531F2B15798502003C756D /* source */ = {
			isa = PBXGroup;
			children = (
				1CF9936815C94BD2000746F8 /* game */,
			);
			name = source;
			path = ../source;
			sourceTree = "<group>";
		};
		1CB851AD15E81D7800012A80 /* Products */ = {
			isa = PBXGroup;
			children = (
				1CB851B615E81D7900012A80 /* libpixelboost_ios.a */,
				1CB851B815E81D7900012A80 /* libpixelboost_osx.a */,
				1CB851BA15E81D7900012A80 /* libpixelboost_osx_x86_64.a */,
			);
			name = Products;
			sourceTree = "<group>";
		};
		1CEB6BF4153F512F00E8D103 /* framework */ = {
			isa = PBXGroup;
			children = (
				1CEB6BFD153F512F00E8D103 /* iPad */,
				1CEB6C10153F513700E8D103 /* Supporting Files */,
				1CEB6BF5153F512F00E8D103 /* EAGLView.h */,
				1CEB6BF6153F512F00E8D103 /* EAGLView.m */,
				1CEB6BF9153F512F00E8D103 /* MainWindow.xib */,
				1CEB6BFB153F512F00E8D103 /* pixelboostViewController.xib */,
				1CEB6C03153F512F00E8D103 /* pixelboostAppDelegate.h */,
				1CEB6C04153F512F00E8D103 /* pixelboostAppDelegate.mm */,
				1CEB6C05153F512F00E8D103 /* pixelboostViewController.h */,
				1CEB6C06153F512F00E8D103 /* pixelboostViewController.mm */,
			);
			path = framework;
			sourceTree = "<group>";
		};
		1CEB6BFD153F512F00E8D103 /* iPad */ = {
			isa = PBXGroup;
			children = (
				1CEB6BFE153F512F00E8D103 /* MainWindow-iPad.xib */,
			);
			path = iPad;
			sourceTree = "<group>";
		};
		1CEB6C10153F513700E8D103 /* Supporting Files */ = {
			isa = PBXGroup;
			children = (
				1CEB6BF7153F512F00E8D103 /* InfoPlist.strings */,
				1CEB6C00153F512F00E8D103 /* main.m */,
				1CEB6C01153F512F00E8D103 /* pixelboost-Info.plist */,
				1CEB6C02153F512F00E8D103 /* pixelboost-Prefix.pch */,
			);
			name = "Supporting Files";
			sourceTree = "<group>";
		};
		1CEC1C5E1426847E00FEB08C = {
			isa = PBXGroup;
			children = (
				1CEB6C11153F541800E8D103 /* data */,
				1CEB6BF4153F512F00E8D103 /* framework */,
				1CEC1D45142697CC00FEB08C /* libs */,
				1C531F2B15798502003C756D /* source */,
				1CEC1C6C1426847F00FEB08C /* Frameworks */,
				1CEC1C6A1426847F00FEB08C /* Products */,
			);
			sourceTree = "<group>";
		};
		1CEC1C6A1426847F00FEB08C /* Products */ = {
			isa = PBXGroup;
			children = (
				1CEC1C691426847F00FEB08C /* pixelboost.app */,
			);
			name = Products;
			sourceTree = "<group>";
		};
		1CEC1C6C1426847F00FEB08C /* Frameworks */ = {
			isa = PBXGroup;
			children = (
				1C7CA3D91432666C0031E584 /* AudioToolbox.framework */,
				1C7CA3D7143266600031E584 /* CoreAudio.framework */,
				1C7CA3D5143266520031E584 /* AVFoundation.framework */,
				1C7CA3D3143266480031E584 /* OpenAL.framework */,
				1C7CA3D1143266340031E584 /* GameKit.framework */,
				1CEC1C6D1426847F00FEB08C /* UIKit.framework */,
				1CEC1C6F1426847F00FEB08C /* Foundation.framework */,
				1CEC1C711426847F00FEB08C /* CoreGraphics.framework */,
				1CEC1C731426847F00FEB08C /* QuartzCore.framework */,
				1CEC1C751426847F00FEB08C /* OpenGLES.framework */,
				1CFA6BF6150D642600E351AF /* Twitter.framework */,
			);
			name = Frameworks;
			sourceTree = "<group>";
		};
		1CEC1D45142697CC00FEB08C /* libs */ = {
			isa = PBXGroup;
			children = (
				1CB851AC15E81D7800012A80 /* pixelboost.xcodeproj */,
			);
			name = libs;
			sourceTree = "<group>";
		};
		1CF9936815C94BD2000746F8 /* game */ = {
			isa = PBXGroup;
			children = (
				1CF9936915C94BD2000746F8 /* game.cpp */,
				1CF9936A15C94BD2000746F8 /* game.h */,
			);
			path = game;
			sourceTree = "<group>";
		};
/* End PBXGroup section */

/* Begin PBXNativeTarget section */
		1CEC1C681426847F00FEB08C /* pixelboost */ = {
			isa = PBXNativeTarget;
			buildConfigurationList = 1CEC1C951426847F00FEB08C /* Build configuration list for PBXNativeTarget "pixelboost" */;
			buildPhases = (
				1CEC1C651426847F00FEB08C /* Sources */,
				1CEC1C661426847F00FEB08C /* Frameworks */,
				1CEC1C671426847F00FEB08C /* Resources */,
			);
			buildRules = (
			);
			dependencies = (
			);
			name = pixelboost;
			productName = pollinator;
			productReference = 1CEC1C691426847F00FEB08C /* pixelboost.app */;
			productType = "com.apple.product-type.application";
		};
/* End PBXNativeTarget section */

/* Begin PBXProject section */
		1CEC1C601426847E00FEB08C /* Project object */ = {
			isa = PBXProject;
			attributes = {
				LastUpgradeCheck = 0430;
				ORGANIZATIONNAME = "Pixel Balloon";
			};
			buildConfigurationList = 1CEC1C631426847E00FEB08C /* Build configuration list for PBXProject "pixelboost" */;
			compatibilityVersion = "Xcode 3.2";
			developmentRegion = English;
			hasScannedForEncodings = 0;
			knownRegions = (
				en,
			);
			mainGroup = 1CEC1C5E1426847E00FEB08C;
			productRefGroup = 1CEC1C6A1426847F00FEB08C /* Products */;
			projectDirPath = "";
			projectReferences = (
				{
					ProductGroup = 1CB851AD15E81D7800012A80 /* Products */;
					ProjectRef = 1CB851AC15E81D7800012A80 /* pixelboost.xcodeproj */;
				},
			);
			projectRoot = "";
			targets = (
				1CEC1C681426847F00FEB08C /* pixelboost */,
			);
		};
/* End PBXProject section */

/* Begin PBXReferenceProxy section */
		1CB851B615E81D7900012A80 /* libpixelboost_ios.a */ = {
			isa = PBXReferenceProxy;
			fileType = archive.ar;
			path = libpixelboost_ios.a;
			remoteRef = 1CB851B515E81D7900012A80 /* PBXContainerItemProxy */;
			sourceTree = BUILT_PRODUCTS_DIR;
		};
		1CB851B815E81D7900012A80 /* libpixelboost_osx.a */ = {
			isa = PBXReferenceProxy;
			fileType = archive.ar;
			path = libpixelboost_osx.a;
			remoteRef = 1CB851B715E81D7900012A80 /* PBXContainerItemProxy */;
			sourceTree = BUILT_PRODUCTS_DIR;
		};
		1CB851BA15E81D7900012A80 /* libpixelboost_osx_x86_64.a */ = {
			isa = PBXReferenceProxy;
			fileType = archive.ar;
			path = libpixelboost_osx_x86_64.a;
			remoteRef = 1CB851B915E81D7900012A80 /* PBXContainerItemProxy */;
			sourceTree = BUILT_PRODUCTS_DIR;
		};
/* End PBXReferenceProxy section */

/* Begin PBXResourcesBuildPhase section */
		1CEC1C671426847F00FEB08C /* Resources */ = {
			isa = PBXResourcesBuildPhase;
			buildActionMask = 2147483647;
			files = (
				1CEB6C08153F512F00E8D103 /* InfoPlist.strings in Resources */,
				1CEB6C09153F512F00E8D103 /* MainWindow.xib in Resources */,
				1CEB6C0A153F512F00E8D103 /* pixelboostViewController.xib in Resources */,
				1CEB6C0B153F512F00E8D103 /* MainWindow-iPad.xib in Resources */,
				1CEB6C12153F541800E8D103 /* data in Resources */,
			);
			runOnlyForDeploymentPostprocessing = 0;
		};
/* End PBXResourcesBuildPhase section */

/* Begin PBXSourcesBuildPhase section */
		1CEC1C651426847F00FEB08C /* Sources */ = {
			isa = PBXSourcesBuildPhase;
			buildActionMask = 2147483647;
			files = (
				1CEB6C07153F512F00E8D103 /* EAGLView.m in Sources */,
				1CEB6C0C153F512F00E8D103 /* main.m in Sources */,
				1CEB6C0E153F512F00E8D103 /* pixelboostAppDelegate.mm in Sources */,
				1CEB6C0F153F512F00E8D103 /* pixelboostViewController.mm in Sources */,
				1CF9936B15C94BD2000746F8 /* game.cpp in Sources */,
			);
			runOnlyForDeploymentPostprocessing = 0;
		};
/* End PBXSourcesBuildPhase section */

/* Begin PBXVariantGroup section */
		1CEB6BF7153F512F00E8D103 /* InfoPlist.strings */ = {
			isa = PBXVariantGroup;
			children = (
				1CEB6BF8153F512F00E8D103 /* en */,
			);
			name = InfoPlist.strings;
			sourceTree = "<group>";
		};
		1CEB6BF9153F512F00E8D103 /* MainWindow.xib */ = {
			isa = PBXVariantGroup;
			children = (
				1CEB6BFA153F512F00E8D103 /* en */,
			);
			name = MainWindow.xib;
			sourceTree = "<group>";
		};
		1CEB6BFB153F512F00E8D103 /* pixelboostViewController.xib */ = {
			isa = PBXVariantGroup;
			children = (
				1CEB6BFC153F512F00E8D103 /* en */,
			);
			name = pixelboostViewController.xib;
			sourceTree = "<group>";
		};
		1CEB6BFE153F512F00E8D103 /* MainWindow-iPad.xib */ = {
			isa = PBXVariantGroup;
			children = (
				1CEB6BFF153F512F00E8D103 /* en */,
			);
			name = "MainWindow-iPad.xib";
			sourceTree = "<group>";
		};
/* End PBXVariantGroup section */

/* Begin XCBuildConfiguration section */
		1C057F3114427A0700310712 /* Ad Hoc */ = {
			isa = XCBuildConfiguration;
			buildSettings = {
				ALWAYS_SEARCH_USER_PATHS = NO;
				ARCHS = "$(ARCHS_STANDARD_32_BIT)";
				"CODE_SIGN_IDENTITY[sdk=iphoneos*]" = "iPhone Developer";
				COPY_PHASE_STRIP = NO;
				GCC_PREFIX_HEADER = "framework/pixelboost-Prefix.pch";
				GCC_PREPROCESSOR_DEFINITIONS = (
					PIXELBOOST_PLATFORM_IOS,
					PIXELBOOST_DISABLE_TESTFLIGHT,
				);
				GCC_WARN_ABOUT_MISSING_PROTOTYPES = YES;
				GCC_WARN_ABOUT_RETURN_TYPE = YES;
				HEADER_SEARCH_PATHS = (
					../source,
					../libs,
					../pixelboost/engine/src/common,
					../pixelboost/engine/src/external,
					../pixelboost/engine/src/platform/ios,
				);
				IPHONEOS_DEPLOYMENT_TARGET = 4.3;
				OTHER_CFLAGS = "-DNS_BLOCK_ASSERTIONS=1";
				OTHER_LDFLAGS = "-ObjC";
				SDKROOT = iphoneos;
				VALIDATE_PRODUCT = YES;
			};
			name = "Ad Hoc";
		};
		1C057F3214427A0700310712 /* Ad Hoc */ = {
			isa = XCBuildConfiguration;
			buildSettings = {
				ARCHS = "$(ARCHS_STANDARD_32_BIT)";
				CODE_SIGN_IDENTITY = "iPhone Distribution";
				"CODE_SIGN_IDENTITY[sdk=iphoneos*]" = "iPhone Distribution";
				"GCC_THUMB_SUPPORT[arch=armv6]" = "";
				INFOPLIST_FILE = "framework/pixelboost-Info.plist";
				IPHONEOS_DEPLOYMENT_TARGET = 4.3;
				OTHER_CPLUSPLUSFLAGS = (
					"$(OTHER_CFLAGS)",
					"-DPIXELBOOST_PLATFORM_IOS",
				);
				PRODUCT_NAME = pixelboost;
				PROVISIONING_PROFILE = "";
				"PROVISIONING_PROFILE[sdk=iphoneos*]" = "";
				TARGETED_DEVICE_FAMILY = "1,2";
				VALID_ARCHS = armv7;
				WRAPPER_EXTENSION = app;
			};
			name = "Ad Hoc";
		};
		1C210F6E1533AB0000DEAC92 /* App Store */ = {
			isa = XCBuildConfiguration;
			buildSettings = {
				ALWAYS_SEARCH_USER_PATHS = NO;
				ARCHS = "$(ARCHS_STANDARD_32_BIT)";
				"CODE_SIGN_IDENTITY[sdk=iphoneos*]" = "iPhone Developer";
				COPY_PHASE_STRIP = YES;
				GCC_PREFIX_HEADER = "framework/pixelboost-Prefix.pch";
				GCC_PREPROCESSOR_DEFINITIONS = (
					PIXELBOOST_PLATFORM_IOS,
					PIXELBOOST_DISABLE_TESTFLIGHT,
				);
				GCC_WARN_ABOUT_MISSING_PROTOTYPES = YES;
				GCC_WARN_ABOUT_RETURN_TYPE = YES;
				HEADER_SEARCH_PATHS = (
					../source,
					../libs,
					../pixelboost/engine/src/common,
					../pixelboost/engine/src/external,
					../pixelboost/engine/src/platform/ios,
				);
				IPHONEOS_DEPLOYMENT_TARGET = 4.3;
				OTHER_CFLAGS = "-DNS_BLOCK_ASSERTIONS=1";
				OTHER_LDFLAGS = "-ObjC";
				SDKROOT = iphoneos;
				VALIDATE_PRODUCT = YES;
			};
			name = "App Store";
		};
		1C210F6F1533AB0000DEAC92 /* App Store */ = {
			isa = XCBuildConfiguration;
			buildSettings = {
				ARCHS = "$(ARCHS_STANDARD_32_BIT)";
				CODE_SIGN_IDENTITY = "iPhone Distribution: Motion Imaging ltd";
				"CODE_SIGN_IDENTITY[sdk=iphoneos*]" = "iPhone Distribution";
				"GCC_THUMB_SUPPORT[arch=armv6]" = "";
				INFOPLIST_FILE = "framework/pixelboost-Info.plist";
				IPHONEOS_DEPLOYMENT_TARGET = 4.3;
				OTHER_CPLUSPLUSFLAGS = (
					"$(OTHER_CFLAGS)",
					"-DPIXELBOOST_PLATFORM_IOS",
					"-DPIXELBOOST_BUILD_RELEASE",
				);
				PRODUCT_NAME = pixelboost;
				PROVISIONING_PROFILE = "D1EF769D-CA01-469F-A704-6EB5555ED092";
				"PROVISIONING_PROFILE[sdk=iphoneos*]" = "";
				TARGETED_DEVICE_FAMILY = "1,2";
				VALID_ARCHS = armv7;
				WRAPPER_EXTENSION = app;
			};
			name = "App Store";
		};
		1CEC1C931426847F00FEB08C /* Debug */ = {
			isa = XCBuildConfiguration;
			buildSettings = {
				ALWAYS_SEARCH_USER_PATHS = NO;
				ARCHS = "$(ARCHS_STANDARD_32_BIT)";
				"CODE_SIGN_IDENTITY[sdk=iphoneos*]" = "iPhone Developer";
				COPY_PHASE_STRIP = NO;
				GCC_DYNAMIC_NO_PIC = NO;
				GCC_OPTIMIZATION_LEVEL = 0;
				GCC_PREFIX_HEADER = "framework/pixelboost-Prefix.pch";
				GCC_PREPROCESSOR_DEFINITIONS = (
					PIXELBOOST_PLATFORM_IOS,
					PIXELBOOST_DISABLE_TESTFLIGHT,
					"DEBUG=1",
				);
				GCC_SYMBOLS_PRIVATE_EXTERN = NO;
				GCC_WARN_ABOUT_MISSING_PROTOTYPES = YES;
				GCC_WARN_ABOUT_RETURN_TYPE = YES;
				HEADER_SEARCH_PATHS = (
					../source,
					../libs,
					../pixelboost/engine/src/common,
					../pixelboost/engine/src/external,
					../pixelboost/engine/src/platform/ios,
				);
				IPHONEOS_DEPLOYMENT_TARGET = 4.3;
				OTHER_LDFLAGS = "-ObjC";
				SDKROOT = iphoneos;
			};
			name = Debug;
		};
		1CEC1C941426847F00FEB08C /* Release */ = {
			isa = XCBuildConfiguration;
			buildSettings = {
				ALWAYS_SEARCH_USER_PATHS = NO;
				ARCHS = "$(ARCHS_STANDARD_32_BIT)";
				"CODE_SIGN_IDENTITY[sdk=iphoneos*]" = "iPhone Developer";
				COPY_PHASE_STRIP = YES;
				GCC_PREFIX_HEADER = "framework/pixelboost-Prefix.pch";
				GCC_PREPROCESSOR_DEFINITIONS = (
					PIXELBOOST_PLATFORM_IOS,
					PIXELBOOST_DISABLE_TESTFLIGHT,
				);
				GCC_WARN_ABOUT_MISSING_PROTOTYPES = YES;
				GCC_WARN_ABOUT_RETURN_TYPE = YES;
				HEADER_SEARCH_PATHS = (
					../source,
					../libs,
					../pixelboost/engine/src/common,
					../pixelboost/engine/src/external,
					../pixelboost/engine/src/platform/ios,
				);
				IPHONEOS_DEPLOYMENT_TARGET = 4.3;
				OTHER_CFLAGS = "-DNS_BLOCK_ASSERTIONS=1";
				OTHER_LDFLAGS = "-ObjC";
				SDKROOT = iphoneos;
				VALIDATE_PRODUCT = YES;
			};
			name = Release;
		};
		1CEC1C961426847F00FEB08C /* Debug */ = {
			isa = XCBuildConfiguration;
			buildSettings = {
				ARCHS = "$(ARCHS_STANDARD_32_BIT)";
				"GCC_THUMB_SUPPORT[arch=armv6]" = "";
				INFOPLIST_FILE = "framework/pixelboost-Info.plist";
				IPHONEOS_DEPLOYMENT_TARGET = 4.3;
				OTHER_CPLUSPLUSFLAGS = (
					"$(OTHER_CFLAGS)",
					"-DPIXELBOOST_PLATFORM_IOS",
				);
				PRODUCT_NAME = pixelboost;
				TARGETED_DEVICE_FAMILY = "1,2";
				VALID_ARCHS = armv7;
				WRAPPER_EXTENSION = app;
			};
			name = Debug;
		};
		1CEC1C971426847F00FEB08C /* Release */ = {
			isa = XCBuildConfiguration;
			buildSettings = {
				ARCHS = "$(ARCHS_STANDARD_32_BIT)";
				"GCC_THUMB_SUPPORT[arch=armv6]" = "";
				INFOPLIST_FILE = "framework/pixelboost-Info.plist";
				IPHONEOS_DEPLOYMENT_TARGET = 4.3;
				OTHER_CPLUSPLUSFLAGS = (
					"$(OTHER_CFLAGS)",
					"-DPIXELBOOST_PLATFORM_IOS",
				);
				PRODUCT_NAME = pixelboost;
				TARGETED_DEVICE_FAMILY = "1,2";
				VALID_ARCHS = armv7;
				WRAPPER_EXTENSION = app;
			};
			name = Release;
		};
/* End XCBuildConfiguration section */

/* Begin XCConfigurationList section */
		1CEC1C631426847E00FEB08C /* Build configuration list for PBXProject "pixelboost" */ = {
			isa = XCConfigurationList;
			buildConfigurations = (
				1CEC1C931426847F00FEB08C /* Debug */,
				1CEC1C941426847F00FEB08C /* Release */,
				1C057F3114427A0700310712 /* Ad Hoc */,
				1C210F6E1533AB0000DEAC92 /* App Store */,
			);
			defaultConfigurationIsVisible = 0;
			defaultConfigurationName = Release;
		};
		1CEC1C951426847F00FEB08C /* Build configuration list for PBXNativeTarget "pixelboost" */ = {
			isa = XCConfigurationList;
			buildConfigurations = (
				1CEC1C961426847F00FEB08C /* Debug */,
				1CEC1C971426847F00FEB08C /* Release */,
				1C057F3214427A0700310712 /* Ad Hoc */,
				1C210F6F1533AB0000DEAC92 /* App Store */,
			);
			defaultConfigurationIsVisible = 0;
			defaultConfigurationName = Release;
		};
/* End XCConfigurationList section */
	};
	rootObject = 1CEC1C601426847E00FEB08C /* Project object */;
}
